
Microsoft Visual Studio Solution File, Format Version 12.00
# Visual Studio 15
VisualStudioVersion = 15.0.28307.1927
MinimumVisualStudioVersion = 10.0.40219.1
Project("{FAE04EC0-301F-11D3-BF4B-00C04F79EFBC}") = "mvcSadikTuranRazor10.video", "mvcSadikTuranRazor10.video\mvcSadikTuranRazor10.video.csproj", "{DE8B0D76-25D9-4974-8C2F-228CF5AEA03E}"
EndProject
Global
	GlobalSection(SolutionConfigurationPlatforms) = preSolution
		Debug|Any CPU = Debug|Any CPU
		Release|Any CPU = Release|Any CPU
	EndGlobalSection
	GlobalSection(ProjectConfigurationPlatforms) = postSolution
		{DE8B0D76-25D9-4974-8C2F-228CF5AEA03E}.Debug|Any CPU.ActiveCfg = Debug|Any CPU
		{DE8B0D76-25D9-4974-8C2F-228CF5AEA03E}.Debug|Any CPU.Build.0 = Debug|Any CPU
		{DE8B0D76-25D9-4974-8C2F-228CF5AEA03E}.Release|Any CPU.ActiveCfg = Release|Any CPU
		{DE8B0D76-25D9-4974-8C2F-228CF5AEA03E}.Release|Any CPU.Build.0 = Release|Any CPU
	EndGlobalSection
	GlobalSection(SolutionProperties) = preSolution
		HideSolutionNode = FALSE
	EndGlobalSection
	GlobalSection(ExtensibilityGlobals) = postSolution
		SolutionGuid = {0219047C-0F3F-4551-8134-03C079DB6C81}
	EndGlobalSection
EndGlobal
